// !$*UTF8*$!
{
	archiveVersion = 1;
	classes = {
	};
	objectVersion = 50;
	objects = {

/* Begin PBXBuildFile section */
		FC42B977255C8F8A004BAAD8 /* Singer+CoreDataClass.swift in Sources */ = {isa = PBXBuildFile; fileRef = FC42B975255C8F8A004BAAD8 /* Singer+CoreDataClass.swift */; };
		FC42B978255C8F8A004BAAD8 /* Singer+CoreDataProperties.swift in Sources */ = {isa = PBXBuildFile; fileRef = FC42B976255C8F8A004BAAD8 /* Singer+CoreDataProperties.swift */; };
		FC42B97A255C9057004BAAD8 /* FilteredList.swift in Sources */ = {isa = PBXBuildFile; fileRef = FC42B979255C9057004BAAD8 /* FilteredList.swift */; };
		FCCE2332255889CB00F4E053 /* AppDelegate.swift in Sources */ = {isa = PBXBuildFile; fileRef = FCCE2331255889CB00F4E053 /* AppDelegate.swift */; };
		FCCE2334255889CB00F4E053 /* SceneDelegate.swift in Sources */ = {isa = PBXBuildFile; fileRef = FCCE2333255889CB00F4E053 /* SceneDelegate.swift */; };
		FCCE2337255889CB00F4E053 /* CoreDataProject.xcdatamodeld in Sources */ = {isa = PBXBuildFile; fileRef = FCCE2335255889CB00F4E053 /* CoreDataProject.xcdatamodeld */; };
		FCCE2339255889CB00F4E053 /* ContentView.swift in Sources */ = {isa = PBXBuildFile; fileRef = FCCE2338255889CB00F4E053 /* ContentView.swift */; };
		FCCE233B255889CD00F4E053 /* Assets.xcassets in Resources */ = {isa = PBXBuildFile; fileRef = FCCE233A255889CD00F4E053 /* Assets.xcassets */; };
		FCCE233E255889CD00F4E053 /* Preview Assets.xcassets in Resources */ = {isa = PBXBuildFile; fileRef = FCCE233D255889CD00F4E053 /* Preview Assets.xcassets */; };
		FCCE2341255889CD00F4E053 /* LaunchScreen.storyboard in Resources */ = {isa = PBXBuildFile; fileRef = FCCE233F255889CD00F4E053 /* LaunchScreen.storyboard */; };
/* End PBXBuildFile section */

/* Begin PBXFileReference section */
		FC42B975255C8F8A004BAAD8 /* Singer+CoreDataClass.swift */ = {isa = PBXFileReference; lastKnownFileType = sourcecode.swift; path = "Singer+CoreDataClass.swift"; sourceTree = "<group>"; };
		FC42B976255C8F8A004BAAD8 /* Singer+CoreDataProperties.swift */ = {isa = PBXFileReference; lastKnownFileType = sourcecode.swift; path = "Singer+CoreDataProperties.swift"; sourceTree = "<group>"; };
		FC42B979255C9057004BAAD8 /* FilteredList.swift */ = {isa = PBXFileReference; lastKnownFileType = sourcecode.swift; path = FilteredList.swift; sourceTree = "<group>"; };
		FCCE232E255889CB00F4E053 /* CoreDataProject.app */ = {isa = PBXFileReference; explicitFileType = wrapper.application; includeInIndex = 0; path = CoreDataProject.app; sourceTree = BUILT_PRODUCTS_DIR; };
		FCCE2331255889CB00F4E053 /* AppDelegate.swift */ = {isa = PBXFileReference; lastKnownFileType = sourcecode.swift; path = AppDelegate.swift; sourceTree = "<group>"; };
		FCCE2333255889CB00F4E053 /* SceneDelegate.swift */ = {isa = PBXFileReference; lastKnownFileType = sourcecode.swift; path = SceneDelegate.swift; sourceTree = "<group>"; };
		FCCE2336255889CB00F4E053 /* CoreDataProject.xcdatamodel */ = {isa = PBXFileReference; lastKnownFileType = wrapper.xcdatamodel; path = CoreDataProject.xcdatamodel; sourceTree = "<group>"; };
		FCCE2338255889CB00F4E053 /* ContentView.swift */ = {isa = PBXFileReference; lastKnownFileType = sourcecode.swift; path = ContentView.swift; sourceTree = "<group>"; };
		FCCE233A255889CD00F4E053 /* Assets.xcassets */ = {isa = PBXFileReference; lastKnownFileType = folder.assetcatalog; path = Assets.xcassets; sourceTree = "<group>"; };
		FCCE233D255889CD00F4E053 /* Preview Assets.xcassets */ = {isa = PBXFileReference; lastKnownFileType = folder.assetcatalog; path = "Preview Assets.xcassets"; sourceTree = "<group>"; };
		FCCE2340255889CD00F4E053 /* Base */ = {isa = PBXFileReference; lastKnownFileType = file.storyboard; name = Base; path = Base.lproj/LaunchScreen.storyboard; sourceTree = "<group>"; };
		FCCE2342255889CD00F4E053 /* Info.plist */ = {isa = PBXFileReference; lastKnownFileType = text.plist.xml; path = Info.plist; sourceTree = "<group>"; };
/* End PBXFileReference section */

/* Begin PBXFrameworksBuildPhase section */
		FCCE232B255889CB00F4E053 /* Frameworks */ = {
			isa = PBXFrameworksBuildPhase;
			buildActionMask = 2147483647;
			files = (
			);
			runOnlyForDeploymentPostprocessing = 0;
		};
/* End PBXFrameworksBuildPhase section */

/* Begin PBXGroup section */
		FCCE2325255889CB00F4E053 = {
			isa = PBXGroup;
			children = (
				FCCE2330255889CB00F4E053 /* CoreDataProject */,
				FCCE232F255889CB00F4E053 /* Products */,
			);
			sourceTree = "<group>";
		};
		FCCE232F255889CB00F4E053 /* Products */ = {
			isa = PBXGroup;
			children = (
				FCCE232E255889CB00F4E053 /* CoreDataProject.app */,
			);
			name = Products;
			sourceTree = "<group>";
		};
		FCCE2330255889CB00F4E053 /* CoreDataProject */ = {
			isa = PBXGroup;
			children = (
				FC42B975255C8F8A004BAAD8 /* Singer+CoreDataClass.swift */,
				FC42B976255C8F8A004BAAD8 /* Singer+CoreDataProperties.swift */,
				FCCE2331255889CB00F4E053 /* AppDelegate.swift */,
				FCCE2333255889CB00F4E053 /* SceneDelegate.swift */,
				FCCE2338255889CB00F4E053 /* ContentView.swift */,
				FC42B979255C9057004BAAD8 /* FilteredList.swift */,
				FCCE233A255889CD00F4E053 /* Assets.xcassets */,
				FCCE233F255889CD00F4E053 /* LaunchScreen.storyboard */,
				FCCE2342255889CD00F4E053 /* Info.plist */,
				FCCE2335255889CB00F4E053 /* CoreDataProject.xcdatamodeld */,
				FCCE233C255889CD00F4E053 /* Preview Content */,
			);
			path = CoreDataProject;
			sourceTree = "<group>";
		};
		FCCE233C255889CD00F4E053 /* Preview Content */ = {
			isa = PBXGroup;
			children = (
				FCCE233D255889CD00F4E053 /* Preview Assets.xcassets */,
			);
			path = "Preview Content";
			sourceTree = "<group>";
		};
/* End PBXGroup section */

/* Begin PBXNativeTarget section */
		FCCE232D255889CB00F4E053 /* CoreDataProject */ = {
			isa = PBXNativeTarget;
			buildConfigurationList = FCCE2345255889CD00F4E053 /* Build configuration list for PBXNativeTarget "CoreDataProject" */;
			buildPhases = (
				FCCE232A255889CB00F4E053 /* Sources */,
				FCCE232B255889CB00F4E053 /* Frameworks */,
				FCCE232C255889CB00F4E053 /* Resources */,
			);
			buildRules = (
			);
			dependencies = (
			);
			name = CoreDataProject;
			productName = CoreDataProject;
			productReference = FCCE232E255889CB00F4E053 /* CoreDataProject.app */;
			productType = "com.apple.product-type.application";
		};
/* End PBXNativeTarget section */

/* Begin PBXProject section */
		FCCE2326255889CB00F4E053 /* Project object */ = {
			isa = PBXProject;
			attributes = {
				LastSwiftUpdateCheck = 1170;
				LastUpgradeCheck = 1170;
				ORGANIZATIONNAME = "Roberto Gutierrez";
				TargetAttributes = {
					FCCE232D255889CB00F4E053 = {
						CreatedOnToolsVersion = 11.7;
					};
				};
			};
			buildConfigurationList = FCCE2329255889CB00F4E053 /* Build configuration list for PBXProject "CoreDataProject" */;
			compatibilityVersion = "Xcode 9.3";
			developmentRegion = en;
			hasScannedForEncodings = 0;
			knownRegions = (
				en,
				Base,
			);
			mainGroup = FCCE2325255889CB00F4E053;
			productRefGroup = FCCE232F255889CB00F4E053 /* Products */;
			projectDirPath = "";
			projectRoot = "";
			targets = (
				FCCE232D255889CB00F4E053 /* CoreDataProject */,
			);
		};
/* End PBXProject section */

/* Begin PBXResourcesBuildPhase section */
		FCCE232C255889CB00F4E053 /* Resources */ = {
			isa = PBXResourcesBuildPhase;
			buildActionMask = 2147483647;
			files = (
				FCCE2341255889CD00F4E053 /* LaunchScreen.storyboard in Resources */,
				FCCE233E255889CD00F4E053 /* Preview Assets.xcassets in Resources */,
				FCCE233B255889CD00F4E053 /* Assets.xcassets in Resources */,
			);
			runOnlyForDeploymentPostprocessing = 0;
		};
/* End PBXResourcesBuildPhase section */

/* Begin PBXSourcesBuildPhase section */
		FCCE232A255889CB00F4E053 /* Sources */ = {
			isa = PBXSourcesBuildPhase;
			buildActionMask = 2147483647;
			files = (
				FCCE2332255889CB00F4E053 /* AppDelegate.swift in Sources */,
				FC42B978255C8F8A004BAAD8 /* Singer+CoreDataProperties.swift in Sources */,
				FCCE2334255889CB00F4E053 /* SceneDelegate.swift in Sources */,
				FC42B977255C8F8A004BAAD8 /* Singer+CoreDataClass.swift in Sources */,
				FCCE2339255889CB00F4E053 /* ContentView.swift in Sources */,
				FCCE2337255889CB00F4E053 /* CoreDataProject.xcdatamodeld in Sources */,
				FC42B97A255C9057004BAAD8 /* FilteredList.swift in Sources */,
			);
			runOnlyForDeploymentPostprocessing = 0;
		};
/* End PBXSourcesBuildPhase section */

/* Begin PBXVariantGroup section */
		FCCE233F255889CD00F4E053 /* LaunchScreen.storyboard */ = {
			isa = PBXVariantGroup;
			children = (
				FCCE2340255889CD00F4E053 /* Base */,
			);
			name = LaunchScreen.storyboard;
			sourceTree = "<group>";
		};
/* End PBXVariantGroup section */

/* Begin XCBuildConfiguration section */
		FCCE2343255889CD00F4E053 /* Debug */ = {
			isa = XCBuildConfiguration;
			buildSettings = {
				ALWAYS_SEARCH_USER_PATHS = NO;
				CLANG_ANALYZER_NONNULL = YES;
				CLANG_ANALYZER_NUMBER_OBJECT_CONVERSION = YES_AGGRESSIVE;
				CLANG_CXX_LANGUAGE_STANDARD = "gnu++14";
				CLANG_CXX_LIBRARY = "libc++";
				CLANG_ENABLE_MODULES = YES;
				CLANG_ENABLE_OBJC_ARC = YES;
				CLANG_ENABLE_OBJC_WEAK = YES;
				CLANG_WARN_BLOCK_CAPTURE_AUTORELEASING = YES;
				CLANG_WARN_BOOL_CONVERSION = YES;
				CLANG_WARN_COMMA = YES;
				CLANG_WARN_CONSTANT_CONVERSION = YES;
				CLANG_WARN_DEPRECATED_OBJC_IMPLEMENTATIONS = YES;
				CLANG_WARN_DIRECT_OBJC_ISA_USAGE = YES_ERROR;
				CLANG_WARN_DOCUMENTATION_COMMENTS = YES;
				CLANG_WARN_EMPTY_BODY = YES;
				CLANG_WARN_ENUM_CONVERSION = YES;
				CLANG_WARN_INFINITE_RECURSION = YES;
				CLANG_WARN_INT_CONVERSION = YES;
				CLANG_WARN_NON_LITERAL_NULL_CONVERSION = YES;
				CLANG_WARN_OBJC_IMPLICIT_RETAIN_SELF = YES;
				CLANG_WARN_OBJC_LITERAL_CONVERSION = YES;
				CLANG_WARN_OBJC_ROOT_CLASS = YES_ERROR;
				CLANG_WARN_RANGE_LOOP_ANALYSIS = YES;
				CLANG_WARN_STRICT_PROTOTYPES = YES;
				CLANG_WARN_SUSPICIOUS_MOVE = YES;
				CLANG_WARN_UNGUARDED_AVAILABILITY = YES_AGGRESSIVE;
				CLANG_WARN_UNREACHABLE_CODE = YES;
				CLANG_WARN__DUPLICATE_METHOD_MATCH = YES;
				COPY_PHASE_STRIP = NO;
				DEBUG_INFORMATION_FORMAT = dwarf;
				ENABLE_STRICT_OBJC_MSGSEND = YES;
				ENABLE_TESTABILITY = YES;
				GCC_C_LANGUAGE_STANDARD = gnu11;
				GCC_DYNAMIC_NO_PIC = NO;
				GCC_NO_COMMON_BLOCKS = YES;
				GCC_OPTIMIZATION_LEVEL = 0;
				GCC_PREPROCESSOR_DEFINITIONS = (
					"DEBUG=1",
					"$(inherited)",
				);
				GCC_WARN_64_TO_32_BIT_CONVERSION = YES;
				GCC_WARN_ABOUT_RETURN_TYPE = YES_ERROR;
				GCC_WARN_UNDECLARED_SELECTOR = YES;
				GCC_WARN_UNINITIALIZED_AUTOS = YES_AGGRESSIVE;
				GCC_WARN_UNUSED_FUNCTION = YES;
				GCC_WARN_UNUSED_VARIABLE = YES;
				IPHONEOS_DEPLOYMENT_TARGET = 13.7;
				MTL_ENABLE_DEBUG_INFO = INCLUDE_SOURCE;
				MTL_FAST_MATH = YES;
				ONLY_ACTIVE_ARCH = YES;
				SDKROOT = iphoneos;
				SWIFT_ACTIVE_COMPILATION_CONDITIONS = DEBUG;
				SWIFT_OPTIMIZATION_LEVEL = "-Onone";
			};
			name = Debug;
		};
		FCCE2344255889CD00F4E053 /* Release */ = {
			isa = XCBuildConfiguration;
			buildSettings = {
				ALWAYS_SEARCH_USER_PATHS = NO;
				CLANG_ANALYZER_NONNULL = YES;
				CLANG_ANALYZER_NUMBER_OBJECT_CONVERSION = YES_AGGRESSIVE;
				CLANG_CXX_LANGUAGE_STANDARD = "gnu++14";
				CLANG_CXX_LIBRARY = "libc++";
				CLANG_ENABLE_MODULES = YES;
				CLANG_ENABLE_OBJC_ARC = YES;
				CLANG_ENABLE_OBJC_WEAK = YES;
				CLANG_WARN_BLOCK_CAPTURE_AUTORELEASING = YES;
				CLANG_WARN_BOOL_CONVERSION = YES;
				CLANG_WARN_COMMA = YES;
				CLANG_WARN_CONSTANT_CONVERSION = YES;
				CLANG_WARN_DEPRECATED_OBJC_IMPLEMENTATIONS = YES;
				CLANG_WARN_DIRECT_OBJC_ISA_USAGE = YES_ERROR;
				CLANG_WARN_DOCUMENTATION_COMMENTS = YES;
				CLANG_WARN_EMPTY_BODY = YES;
				CLANG_WARN_ENUM_CONVERSION = YES;
				CLANG_WARN_INFINITE_RECURSION = YES;
				CLANG_WARN_INT_CONVERSION = YES;
				CLANG_WARN_NON_LITERAL_NULL_CONVERSION = YES;
				CLANG_WARN_OBJC_IMPLICIT_RETAIN_SELF = YES;
				CLANG_WARN_OBJC_LITERAL_CONVERSION = YES;
				CLANG_WARN_OBJC_ROOT_CLASS = YES_ERROR;
				CLANG_WARN_RANGE_LOOP_ANALYSIS = YES;
				CLANG_WARN_STRICT_PROTOTYPES = YES;
				CLANG_WARN_SUSPICIOUS_MOVE = YES;
				CLANG_WARN_UNGUARDED_AVAILABILITY = YES_AGGRESSIVE;
				CLANG_WARN_UNREACHABLE_CODE = YES;
				CLANG_WARN__DUPLICATE_METHOD_MATCH = YES;
				COPY_PHASE_STRIP = NO;
				DEBUG_INFORMATION_FORMAT = "dwarf-with-dsym";
				ENABLE_NS_ASSERTIONS = NO;
				ENABLE_STRICT_OBJC_MSGSEND = YES;
				GCC_C_LANGUAGE_STANDARD = gnu11;
				GCC_NO_COMMON_BLOCKS = YES;
				GCC_WARN_64_TO_32_BIT_CONVERSION = YES;
				GCC_WARN_ABOUT_RETURN_TYPE = YES_ERROR;
				GCC_WARN_UNDECLARED_SELECTOR = YES;
				GCC_WARN_UNINITIALIZED_AUTOS = YES_AGGRESSIVE;
				GCC_WARN_UNUSED_FUNCTION = YES;
				GCC_WARN_UNUSED_VARIABLE = YES;
				IPHONEOS_DEPLOYMENT_TARGET = 13.7;
				MTL_ENABLE_DEBUG_INFO = NO;
				MTL_FAST_MATH = YES;
				SDKROOT = iphoneos;
				SWIFT_COMPILATION_MODE = wholemodule;
				SWIFT_OPTIMIZATION_LEVEL = "-O";
				VALIDATE_PRODUCT = YES;
			};
			name = Release;
		};
		FCCE2346255889CD00F4E053 /* Debug */ = {
			isa = XCBuildConfiguration;
			buildSettings = {
				ASSETCATALOG_COMPILER_APPICON_NAME = AppIcon;
				CODE_SIGN_STYLE = Automatic;
				DEVELOPMENT_ASSET_PATHS = "\"CoreDataProject/Preview Content\"";
				ENABLE_PREVIEWS = YES;
				INFOPLIST_FILE = CoreDataProject/Info.plist;
				LD_RUNPATH_SEARCH_PATHS = (
					"$(inherited)",
					"@executable_path/Frameworks",
				);
				PRODUCT_BUNDLE_IDENTIFIER = com.example.CoreDataProject;
				PRODUCT_NAME = "$(TARGET_NAME)";
				SWIFT_VERSION = 5.0;
				TARGETED_DEVICE_FAMILY = "1,2";
			};
			name = Debug;
		};
		FCCE2347255889CD00F4E053 /* Release */ = {
			isa = XCBuildConfiguration;
			buildSettings = {
				ASSETCATALOG_COMPILER_APPICON_NAME = AppIcon;
				CODE_SIGN_STYLE = Automatic;
				DEVELOPMENT_ASSET_PATHS = "\"CoreDataProject/Preview Content\"";
				ENABLE_PREVIEWS = YES;
				INFOPLIST_FILE = CoreDataProject/Info.plist;
				LD_RUNPATH_SEARCH_PATHS = (
					"$(inherited)",
					"@executable_path/Frameworks",
				);
				PRODUCT_BUNDLE_IDENTIFIER = com.example.CoreDataProject;
				PRODUCT_NAME = "$(TARGET_NAME)";
				SWIFT_VERSION = 5.0;
				TARGETED_DEVICE_FAMILY = "1,2";
			};
			name = Release;
		};
/* End XCBuildConfiguration section */

/* Begin XCConfigurationList section */
		FCCE2329255889CB00F4E053 /* Build configuration list for PBXProject "CoreDataProject" */ = {
			isa = XCConfigurationList;
			buildConfigurations = (
				FCCE2343255889CD00F4E053 /* Debug */,
				FCCE2344255889CD00F4E053 /* Release */,
			);
			defaultConfigurationIsVisible = 0;
			defaultConfigurationName = Release;
		};
		FCCE2345255889CD00F4E053 /* Build configuration list for PBXNativeTarget "CoreDataProject" */ = {
			isa = XCConfigurationList;
			buildConfigurations = (
				FCCE2346255889CD00F4E053 /* Debug */,
				FCCE2347255889CD00F4E053 /* Release */,
			);
			defaultConfigurationIsVisible = 0;
			defaultConfigurationName = Release;
		};
/* End XCConfigurationList section */

/* Begin XCVersionGroup section */
		FCCE2335255889CB00F4E053 /* CoreDataProject.xcdatamodeld */ = {
			isa = XCVersionGroup;
			children = (
				FCCE2336255889CB00F4E053 /* CoreDataProject.xcdatamodel */,
			);
			currentVersion = FCCE2336255889CB00F4E053 /* CoreDataProject.xcdatamodel */;
			path = CoreDataProject.xcdatamodeld;
			sourceTree = "<group>";
			versionGroupType = wrapper.xcdatamodel;
		};
/* End XCVersionGroup section */
	};
	rootObject = FCCE2326255889CB00F4E053 /* Project object */;
}
