// !$*UTF8*$!
{
	archiveVersion = 1;
	classes = {
	};
	objectVersion = 50;
	objects = {

/* Begin PBXBuildFile section */
		FC2BC4FC2591337E00450DCD /* MKPointAnnotation-ObservableObject.swift in Sources */ = {isa = PBXBuildFile; fileRef = FC2BC4FB2591337E00450DCD /* MKPointAnnotation-ObservableObject.swift */; };
		FC2BC4FE2591342300450DCD /* EditView.swift in Sources */ = {isa = PBXBuildFile; fileRef = FC2BC4FD2591342300450DCD /* EditView.swift */; };
		FC2BC5002591376100450DCD /* Result.swift in Sources */ = {isa = PBXBuildFile; fileRef = FC2BC4FF2591376100450DCD /* Result.swift */; };
		FC52D56C2579951D00A13229 /* MapView.swift in Sources */ = {isa = PBXBuildFile; fileRef = FC52D56B2579951D00A13229 /* MapView.swift */; };
		FC704D77257700D500413BA8 /* AppDelegate.swift in Sources */ = {isa = PBXBuildFile; fileRef = FC704D76257700D500413BA8 /* AppDelegate.swift */; };
		FC704D79257700D500413BA8 /* SceneDelegate.swift in Sources */ = {isa = PBXBuildFile; fileRef = FC704D78257700D500413BA8 /* SceneDelegate.swift */; };
		FC704D7B257700D500413BA8 /* ContentView.swift in Sources */ = {isa = PBXBuildFile; fileRef = FC704D7A257700D500413BA8 /* ContentView.swift */; };
		FC704D7D257700D700413BA8 /* Assets.xcassets in Resources */ = {isa = PBXBuildFile; fileRef = FC704D7C257700D700413BA8 /* Assets.xcassets */; };
		FC704D80257700D700413BA8 /* Preview Assets.xcassets in Resources */ = {isa = PBXBuildFile; fileRef = FC704D7F257700D700413BA8 /* Preview Assets.xcassets */; };
		FC704D83257700D700413BA8 /* LaunchScreen.storyboard in Resources */ = {isa = PBXBuildFile; fileRef = FC704D81257700D700413BA8 /* LaunchScreen.storyboard */; };
		FC7CD6C62593EDB90003BCDD /* UnlockedView.swift in Sources */ = {isa = PBXBuildFile; fileRef = FC7CD6C52593EDB90003BCDD /* UnlockedView.swift */; };
		FCEEFEF52592839E004BDE80 /* MKPointAnnotation-Codable.swift in Sources */ = {isa = PBXBuildFile; fileRef = FCEEFEF42592839E004BDE80 /* MKPointAnnotation-Codable.swift */; };
/* End PBXBuildFile section */

/* Begin PBXFileReference section */
		FC2BC4FB2591337E00450DCD /* MKPointAnnotation-ObservableObject.swift */ = {isa = PBXFileReference; lastKnownFileType = sourcecode.swift; path = "MKPointAnnotation-ObservableObject.swift"; sourceTree = "<group>"; };
		FC2BC4FD2591342300450DCD /* EditView.swift */ = {isa = PBXFileReference; lastKnownFileType = sourcecode.swift; path = EditView.swift; sourceTree = "<group>"; };
		FC2BC4FF2591376100450DCD /* Result.swift */ = {isa = PBXFileReference; lastKnownFileType = sourcecode.swift; path = Result.swift; sourceTree = "<group>"; };
		FC52D56B2579951D00A13229 /* MapView.swift */ = {isa = PBXFileReference; lastKnownFileType = sourcecode.swift; path = MapView.swift; sourceTree = "<group>"; };
		FC704D73257700D500413BA8 /* BucketList.app */ = {isa = PBXFileReference; explicitFileType = wrapper.application; includeInIndex = 0; path = BucketList.app; sourceTree = BUILT_PRODUCTS_DIR; };
		FC704D76257700D500413BA8 /* AppDelegate.swift */ = {isa = PBXFileReference; lastKnownFileType = sourcecode.swift; path = AppDelegate.swift; sourceTree = "<group>"; };
		FC704D78257700D500413BA8 /* SceneDelegate.swift */ = {isa = PBXFileReference; lastKnownFileType = sourcecode.swift; path = SceneDelegate.swift; sourceTree = "<group>"; };
		FC704D7A257700D500413BA8 /* ContentView.swift */ = {isa = PBXFileReference; lastKnownFileType = sourcecode.swift; path = ContentView.swift; sourceTree = "<group>"; };
		FC704D7C257700D700413BA8 /* Assets.xcassets */ = {isa = PBXFileReference; lastKnownFileType = folder.assetcatalog; path = Assets.xcassets; sourceTree = "<group>"; };
		FC704D7F257700D700413BA8 /* Preview Assets.xcassets */ = {isa = PBXFileReference; lastKnownFileType = folder.assetcatalog; path = "Preview Assets.xcassets"; sourceTree = "<group>"; };
		FC704D82257700D700413BA8 /* Base */ = {isa = PBXFileReference; lastKnownFileType = file.storyboard; name = Base; path = Base.lproj/LaunchScreen.storyboard; sourceTree = "<group>"; };
		FC704D84257700D700413BA8 /* Info.plist */ = {isa = PBXFileReference; lastKnownFileType = text.plist.xml; path = Info.plist; sourceTree = "<group>"; };
		FC7CD6C52593EDB90003BCDD /* UnlockedView.swift */ = {isa = PBXFileReference; lastKnownFileType = sourcecode.swift; path = UnlockedView.swift; sourceTree = "<group>"; };
		FCEEFEF42592839E004BDE80 /* MKPointAnnotation-Codable.swift */ = {isa = PBXFileReference; lastKnownFileType = sourcecode.swift; path = "MKPointAnnotation-Codable.swift"; sourceTree = "<group>"; };
/* End PBXFileReference section */

/* Begin PBXFrameworksBuildPhase section */
		FC704D70257700D500413BA8 /* Frameworks */ = {
			isa = PBXFrameworksBuildPhase;
			buildActionMask = 2147483647;
			files = (
			);
			runOnlyForDeploymentPostprocessing = 0;
		};
/* End PBXFrameworksBuildPhase section */

/* Begin PBXGroup section */
		FC704D6A257700D500413BA8 = {
			isa = PBXGroup;
			children = (
				FC704D75257700D500413BA8 /* BucketList */,
				FC704D74257700D500413BA8 /* Products */,
			);
			sourceTree = "<group>";
		};
		FC704D74257700D500413BA8 /* Products */ = {
			isa = PBXGroup;
			children = (
				FC704D73257700D500413BA8 /* BucketList.app */,
			);
			name = Products;
			sourceTree = "<group>";
		};
		FC704D75257700D500413BA8 /* BucketList */ = {
			isa = PBXGroup;
			children = (
				FC704D76257700D500413BA8 /* AppDelegate.swift */,
				FC704D78257700D500413BA8 /* SceneDelegate.swift */,
				FC704D7A257700D500413BA8 /* ContentView.swift */,
				FC7CD6C52593EDB90003BCDD /* UnlockedView.swift */,
				FC2BC4FF2591376100450DCD /* Result.swift */,
				FC2BC4FB2591337E00450DCD /* MKPointAnnotation-ObservableObject.swift */,
				FC2BC4FD2591342300450DCD /* EditView.swift */,
				FCEEFEF42592839E004BDE80 /* MKPointAnnotation-Codable.swift */,
				FC52D56B2579951D00A13229 /* MapView.swift */,
				FC704D7C257700D700413BA8 /* Assets.xcassets */,
				FC704D81257700D700413BA8 /* LaunchScreen.storyboard */,
				FC704D84257700D700413BA8 /* Info.plist */,
				FC704D7E257700D700413BA8 /* Preview Content */,
			);
			path = BucketList;
			sourceTree = "<group>";
		};
		FC704D7E257700D700413BA8 /* Preview Content */ = {
			isa = PBXGroup;
			children = (
				FC704D7F257700D700413BA8 /* Preview Assets.xcassets */,
			);
			path = "Preview Content";
			sourceTree = "<group>";
		};
/* End PBXGroup section */

/* Begin PBXNativeTarget section */
		FC704D72257700D500413BA8 /* BucketList */ = {
			isa = PBXNativeTarget;
			buildConfigurationList = FC704D87257700D700413BA8 /* Build configuration list for PBXNativeTarget "BucketList" */;
			buildPhases = (
				FC704D6F257700D500413BA8 /* Sources */,
				FC704D70257700D500413BA8 /* Frameworks */,
				FC704D71257700D500413BA8 /* Resources */,
			);
			buildRules = (
			);
			dependencies = (
			);
			name = BucketList;
			productName = BucketList;
			productReference = FC704D73257700D500413BA8 /* BucketList.app */;
			productType = "com.apple.product-type.application";
		};
/* End PBXNativeTarget section */

/* Begin PBXProject section */
		FC704D6B257700D500413BA8 /* Project object */ = {
			isa = PBXProject;
			attributes = {
				LastSwiftUpdateCheck = 1170;
				LastUpgradeCheck = 1170;
				ORGANIZATIONNAME = "Roberto Gutierrez";
				TargetAttributes = {
					FC704D72257700D500413BA8 = {
						CreatedOnToolsVersion = 11.7;
					};
				};
			};
			buildConfigurationList = FC704D6E257700D500413BA8 /* Build configuration list for PBXProject "BucketList" */;
			compatibilityVersion = "Xcode 9.3";
			developmentRegion = en;
			hasScannedForEncodings = 0;
			knownRegions = (
				en,
				Base,
			);
			mainGroup = FC704D6A257700D500413BA8;
			productRefGroup = FC704D74257700D500413BA8 /* Products */;
			projectDirPath = "";
			projectRoot = "";
			targets = (
				FC704D72257700D500413BA8 /* BucketList */,
			);
		};
/* End PBXProject section */

/* Begin PBXResourcesBuildPhase section */
		FC704D71257700D500413BA8 /* Resources */ = {
			isa = PBXResourcesBuildPhase;
			buildActionMask = 2147483647;
			files = (
				FC704D83257700D700413BA8 /* LaunchScreen.storyboard in Resources */,
				FC704D80257700D700413BA8 /* Preview Assets.xcassets in Resources */,
				FC704D7D257700D700413BA8 /* Assets.xcassets in Resources */,
			);
			runOnlyForDeploymentPostprocessing = 0;
		};
/* End PBXResourcesBuildPhase section */

/* Begin PBXSourcesBuildPhase section */
		FC704D6F257700D500413BA8 /* Sources */ = {
			isa = PBXSourcesBuildPhase;
			buildActionMask = 2147483647;
			files = (
				FC704D77257700D500413BA8 /* AppDelegate.swift in Sources */,
				FC52D56C2579951D00A13229 /* MapView.swift in Sources */,
				FC7CD6C62593EDB90003BCDD /* UnlockedView.swift in Sources */,
				FC2BC4FE2591342300450DCD /* EditView.swift in Sources */,
				FC704D79257700D500413BA8 /* SceneDelegate.swift in Sources */,
				FC2BC5002591376100450DCD /* Result.swift in Sources */,
				FC2BC4FC2591337E00450DCD /* MKPointAnnotation-ObservableObject.swift in Sources */,
				FCEEFEF52592839E004BDE80 /* MKPointAnnotation-Codable.swift in Sources */,
				FC704D7B257700D500413BA8 /* ContentView.swift in Sources */,
			);
			runOnlyForDeploymentPostprocessing = 0;
		};
/* End PBXSourcesBuildPhase section */

/* Begin PBXVariantGroup section */
		FC704D81257700D700413BA8 /* LaunchScreen.storyboard */ = {
			isa = PBXVariantGroup;
			children = (
				FC704D82257700D700413BA8 /* Base */,
			);
			name = LaunchScreen.storyboard;
			sourceTree = "<group>";
		};
/* End PBXVariantGroup section */

/* Begin XCBuildConfiguration section */
		FC704D85257700D700413BA8 /* Debug */ = {
			isa = XCBuildConfiguration;
			buildSettings = {
				ALWAYS_SEARCH_USER_PATHS = NO;
				CLANG_ANALYZER_NONNULL = YES;
				CLANG_ANALYZER_NUMBER_OBJECT_CONVERSION = YES_AGGRESSIVE;
				CLANG_CXX_LANGUAGE_STANDARD = "gnu++14";
				CLANG_CXX_LIBRARY = "libc++";
				CLANG_ENABLE_MODULES = YES;
				CLANG_ENABLE_OBJC_ARC = YES;
				CLANG_ENABLE_OBJC_WEAK = YES;
				CLANG_WARN_BLOCK_CAPTURE_AUTORELEASING = YES;
				CLANG_WARN_BOOL_CONVERSION = YES;
				CLANG_WARN_COMMA = YES;
				CLANG_WARN_CONSTANT_CONVERSION = YES;
				CLANG_WARN_DEPRECATED_OBJC_IMPLEMENTATIONS = YES;
				CLANG_WARN_DIRECT_OBJC_ISA_USAGE = YES_ERROR;
				CLANG_WARN_DOCUMENTATION_COMMENTS = YES;
				CLANG_WARN_EMPTY_BODY = YES;
				CLANG_WARN_ENUM_CONVERSION = YES;
				CLANG_WARN_INFINITE_RECURSION = YES;
				CLANG_WARN_INT_CONVERSION = YES;
				CLANG_WARN_NON_LITERAL_NULL_CONVERSION = YES;
				CLANG_WARN_OBJC_IMPLICIT_RETAIN_SELF = YES;
				CLANG_WARN_OBJC_LITERAL_CONVERSION = YES;
				CLANG_WARN_OBJC_ROOT_CLASS = YES_ERROR;
				CLANG_WARN_RANGE_LOOP_ANALYSIS = YES;
				CLANG_WARN_STRICT_PROTOTYPES = YES;
				CLANG_WARN_SUSPICIOUS_MOVE = YES;
				CLANG_WARN_UNGUARDED_AVAILABILITY = YES_AGGRESSIVE;
				CLANG_WARN_UNREACHABLE_CODE = YES;
				CLANG_WARN__DUPLICATE_METHOD_MATCH = YES;
				COPY_PHASE_STRIP = NO;
				DEBUG_INFORMATION_FORMAT = dwarf;
				ENABLE_STRICT_OBJC_MSGSEND = YES;
				ENABLE_TESTABILITY = YES;
				GCC_C_LANGUAGE_STANDARD = gnu11;
				GCC_DYNAMIC_NO_PIC = NO;
				GCC_NO_COMMON_BLOCKS = YES;
				GCC_OPTIMIZATION_LEVEL = 0;
				GCC_PREPROCESSOR_DEFINITIONS = (
					"DEBUG=1",
					"$(inherited)",
				);
				GCC_WARN_64_TO_32_BIT_CONVERSION = YES;
				GCC_WARN_ABOUT_RETURN_TYPE = YES_ERROR;
				GCC_WARN_UNDECLARED_SELECTOR = YES;
				GCC_WARN_UNINITIALIZED_AUTOS = YES_AGGRESSIVE;
				GCC_WARN_UNUSED_FUNCTION = YES;
				GCC_WARN_UNUSED_VARIABLE = YES;
				IPHONEOS_DEPLOYMENT_TARGET = 13.7;
				MTL_ENABLE_DEBUG_INFO = INCLUDE_SOURCE;
				MTL_FAST_MATH = YES;
				ONLY_ACTIVE_ARCH = YES;
				SDKROOT = iphoneos;
				SWIFT_ACTIVE_COMPILATION_CONDITIONS = DEBUG;
				SWIFT_OPTIMIZATION_LEVEL = "-Onone";
			};
			name = Debug;
		};
		FC704D86257700D700413BA8 /* Release */ = {
			isa = XCBuildConfiguration;
			buildSettings = {
				ALWAYS_SEARCH_USER_PATHS = NO;
				CLANG_ANALYZER_NONNULL = YES;
				CLANG_ANALYZER_NUMBER_OBJECT_CONVERSION = YES_AGGRESSIVE;
				CLANG_CXX_LANGUAGE_STANDARD = "gnu++14";
				CLANG_CXX_LIBRARY = "libc++";
				CLANG_ENABLE_MODULES = YES;
				CLANG_ENABLE_OBJC_ARC = YES;
				CLANG_ENABLE_OBJC_WEAK = YES;
				CLANG_WARN_BLOCK_CAPTURE_AUTORELEASING = YES;
				CLANG_WARN_BOOL_CONVERSION = YES;
				CLANG_WARN_COMMA = YES;
				CLANG_WARN_CONSTANT_CONVERSION = YES;
				CLANG_WARN_DEPRECATED_OBJC_IMPLEMENTATIONS = YES;
				CLANG_WARN_DIRECT_OBJC_ISA_USAGE = YES_ERROR;
				CLANG_WARN_DOCUMENTATION_COMMENTS = YES;
				CLANG_WARN_EMPTY_BODY = YES;
				CLANG_WARN_ENUM_CONVERSION = YES;
				CLANG_WARN_INFINITE_RECURSION = YES;
				CLANG_WARN_INT_CONVERSION = YES;
				CLANG_WARN_NON_LITERAL_NULL_CONVERSION = YES;
				CLANG_WARN_OBJC_IMPLICIT_RETAIN_SELF = YES;
				CLANG_WARN_OBJC_LITERAL_CONVERSION = YES;
				CLANG_WARN_OBJC_ROOT_CLASS = YES_ERROR;
				CLANG_WARN_RANGE_LOOP_ANALYSIS = YES;
				CLANG_WARN_STRICT_PROTOTYPES = YES;
				CLANG_WARN_SUSPICIOUS_MOVE = YES;
				CLANG_WARN_UNGUARDED_AVAILABILITY = YES_AGGRESSIVE;
				CLANG_WARN_UNREACHABLE_CODE = YES;
				CLANG_WARN__DUPLICATE_METHOD_MATCH = YES;
				COPY_PHASE_STRIP = NO;
				DEBUG_INFORMATION_FORMAT = "dwarf-with-dsym";
				ENABLE_NS_ASSERTIONS = NO;
				ENABLE_STRICT_OBJC_MSGSEND = YES;
				GCC_C_LANGUAGE_STANDARD = gnu11;
				GCC_NO_COMMON_BLOCKS = YES;
				GCC_WARN_64_TO_32_BIT_CONVERSION = YES;
				GCC_WARN_ABOUT_RETURN_TYPE = YES_ERROR;
				GCC_WARN_UNDECLARED_SELECTOR = YES;
				GCC_WARN_UNINITIALIZED_AUTOS = YES_AGGRESSIVE;
				GCC_WARN_UNUSED_FUNCTION = YES;
				GCC_WARN_UNUSED_VARIABLE = YES;
				IPHONEOS_DEPLOYMENT_TARGET = 13.7;
				MTL_ENABLE_DEBUG_INFO = NO;
				MTL_FAST_MATH = YES;
				SDKROOT = iphoneos;
				SWIFT_COMPILATION_MODE = wholemodule;
				SWIFT_OPTIMIZATION_LEVEL = "-O";
				VALIDATE_PRODUCT = YES;
			};
			name = Release;
		};
		FC704D88257700D700413BA8 /* Debug */ = {
			isa = XCBuildConfiguration;
			buildSettings = {
				ASSETCATALOG_COMPILER_APPICON_NAME = AppIcon;
				CODE_SIGN_STYLE = Automatic;
				DEVELOPMENT_ASSET_PATHS = "\"BucketList/Preview Content\"";
				ENABLE_PREVIEWS = YES;
				INFOPLIST_FILE = BucketList/Info.plist;
				LD_RUNPATH_SEARCH_PATHS = (
					"$(inherited)",
					"@executable_path/Frameworks",
				);
				PRODUCT_BUNDLE_IDENTIFIER = com.example.BucketList;
				PRODUCT_NAME = "$(TARGET_NAME)";
				SWIFT_VERSION = 5.0;
				TARGETED_DEVICE_FAMILY = "1,2";
			};
			name = Debug;
		};
		FC704D89257700D700413BA8 /* Release */ = {
			isa = XCBuildConfiguration;
			buildSettings = {
				ASSETCATALOG_COMPILER_APPICON_NAME = AppIcon;
				CODE_SIGN_STYLE = Automatic;
				DEVELOPMENT_ASSET_PATHS = "\"BucketList/Preview Content\"";
				ENABLE_PREVIEWS = YES;
				INFOPLIST_FILE = BucketList/Info.plist;
				LD_RUNPATH_SEARCH_PATHS = (
					"$(inherited)",
					"@executable_path/Frameworks",
				);
				PRODUCT_BUNDLE_IDENTIFIER = com.example.BucketList;
				PRODUCT_NAME = "$(TARGET_NAME)";
				SWIFT_VERSION = 5.0;
				TARGETED_DEVICE_FAMILY = "1,2";
			};
			name = Release;
		};
/* End XCBuildConfiguration section */

/* Begin XCConfigurationList section */
		FC704D6E257700D500413BA8 /* Build configuration list for PBXProject "BucketList" */ = {
			isa = XCConfigurationList;
			buildConfigurations = (
				FC704D85257700D700413BA8 /* Debug */,
				FC704D86257700D700413BA8 /* Release */,
			);
			defaultConfigurationIsVisible = 0;
			defaultConfigurationName = Release;
		};
		FC704D87257700D700413BA8 /* Build configuration list for PBXNativeTarget "BucketList" */ = {
			isa = XCConfigurationList;
			buildConfigurations = (
				FC704D88257700D700413BA8 /* Debug */,
				FC704D89257700D700413BA8 /* Release */,
			);
			defaultConfigurationIsVisible = 0;
			defaultConfigurationName = Release;
		};
/* End XCConfigurationList section */
	};
	rootObject = FC704D6B257700D500413BA8 /* Project object */;
}
